
Microsoft Visual Studio Solution File, Format Version 12.00
# Visual Studio Version 17
VisualStudioVersion = 17.7.34031.279
MinimumVisualStudioVersion = 10.0.40219.1
Project("{FAE04EC0-301F-11D3-BF4B-00C04F79EFBC}") = "Linq Methods", "Linq Methods\Linq Methods.csproj", "{C2D337BD-9992-4EF4-948F-9447ADBE9F82}"
EndProject
Global
	GlobalSection(SolutionConfigurationPlatforms) = preSolution
		Debug|Any CPU = Debug|Any CPU
		Release|Any CPU = Release|Any CPU
	EndGlobalSection
	GlobalSection(ProjectConfigurationPlatforms) = postSolution
		{C2D337BD-9992-4EF4-948F-9447ADBE9F82}.Debug|Any CPU.ActiveCfg = Debug|Any CPU
		{C2D337BD-9992-4EF4-948F-9447ADBE9F82}.Debug|Any CPU.Build.0 = Debug|Any CPU
		{C2D337BD-9992-4EF4-948F-9447ADBE9F82}.Release|Any CPU.ActiveCfg = Release|Any CPU
		{C2D337BD-9992-4EF4-948F-9447ADBE9F82}.Release|Any CPU.Build.0 = Release|Any CPU
	EndGlobalSection
	GlobalSection(SolutionProperties) = preSolution
		HideSolutionNode = FALSE
	EndGlobalSection
	GlobalSection(ExtensibilityGlobals) = postSolution
		SolutionGuid = {3157F671-6AA4-4A63-8E3C-5163216AF292}
	EndGlobalSection
EndGlobal
